# This file is automatically @generated by Cargo.
# It is not intended for manual editing.
version = 3

[[package]]
name = "gba"
version = "0.5.2"
source = "registry+https://github.com/rust-lang/crates.io-index"
checksum = "7e7e9920f61e17884e22aac1a19a74f912ece70d1a664a4715d269ca2fba3397"
dependencies = [
 "voladdress",
]

[[package]]
name = "rustygba"
version = "0.0.2"
dependencies = [
 "gba",
]

[[package]]
name = "voladdress"
version = "0.4.5"
source = "registry+https://github.com/rust-lang/crates.io-index"
checksum = "5e1c00b315fa5b67ca61aa4b7ac802c92a014813e5c4c8dc77e2aee6d30527ae"
